
Microsoft Visual Studio Solution File, Format Version 12.00
# Visual Studio Version 16
VisualStudioVersion = 16.0.29806.167
MinimumVisualStudioVersion = 15.0.26124.0
Project("{2150E333-8FDC-42A3-9474-1A3956D46DE8}") = "Domain", "Domain", "{B9AC364F-4AC0-4E84-8397-4F7C78934B1C}"
EndProject
Project("{9A19103F-16F7-4668-BE54-9A1E7A4F7556}") = "Domain.ClassModel", "Domain\Domain.ClassModel\Domain.ClassModel.csproj", "{D3898228-6B1F-47CD-A5A6-E777BC8F3900}"
EndProject
Project("{9A19103F-16F7-4668-BE54-9A1E7A4F7556}") = "Domain.StudentModel", "Domain\Domain.StudentModel\Domain.StudentModel.csproj", "{76171739-51B5-494F-8FE6-063460F840D5}"
EndProject
Project("{2150E333-8FDC-42A3-9474-1A3956D46DE8}") = "Impl", "Impl", "{8CC3F66D-94D7-40D2-9274-BFAE97227018}"
EndProject
Project("{9A19103F-16F7-4668-BE54-9A1E7A4F7556}") = "Domain.ClassModel.Service.Impl", "Domain\Impl\Domain.ClassModel.Service.Impl\Domain.ClassModel.Service.Impl.csproj", "{685DAFD9-3F52-4A9F-916E-B4D6071C4024}"
EndProject
Project("{9A19103F-16F7-4668-BE54-9A1E7A4F7556}") = "Domain.StudentModel.Service.Impl", "Domain\Impl\Domain.StudentModel.Service.Impl\Domain.StudentModel.Service.Impl.csproj", "{39B745E9-6492-4EE3-8770-D965939A8A1C}"
EndProject
Project("{2150E333-8FDC-42A3-9474-1A3956D46DE8}") = "DomainServer", "DomainServer", "{00A0167A-A82C-4A74-A383-5AA3AFDC366C}"
EndProject
Project("{9A19103F-16F7-4668-BE54-9A1E7A4F7556}") = "ManageClassDomainServer", "DomainServer\ManageClassDomainServer\ManageClassDomainServer.csproj", "{42B7312F-7B29-4F51-8C66-F8B1EEC929C0}"
EndProject
Project("{2150E333-8FDC-42A3-9474-1A3956D46DE8}") = "WebApi", "WebApi", "{EDA90651-ACD9-4F18-BCA9-78D0C59DFC03}"
EndProject
Project("{9A19103F-16F7-4668-BE54-9A1E7A4F7556}") = "ManageClassWebApi", "WebApi\ManageClassWebApi\ManageClassWebApi.csproj", "{5ED6BDEB-213F-4E91-844B-2F62DCAA1CF2}"
EndProject
Project("{9A19103F-16F7-4668-BE54-9A1E7A4F7556}") = "ManageClassWebApiServer", "WebApi\ManageClassWebApiServer\ManageClassWebApiServer.csproj", "{1F149EF9-35ED-40C5-B560-10E7A7D90B17}"
EndProject
Global
	GlobalSection(SolutionConfigurationPlatforms) = preSolution
		Debug|Any CPU = Debug|Any CPU
		Debug|x64 = Debug|x64
		Debug|x86 = Debug|x86
		Release|Any CPU = Release|Any CPU
		Release|x64 = Release|x64
		Release|x86 = Release|x86
	EndGlobalSection
	GlobalSection(ProjectConfigurationPlatforms) = postSolution
		{D3898228-6B1F-47CD-A5A6-E777BC8F3900}.Debug|Any CPU.ActiveCfg = Debug|Any CPU
		{D3898228-6B1F-47CD-A5A6-E777BC8F3900}.Debug|Any CPU.Build.0 = Debug|Any CPU
		{D3898228-6B1F-47CD-A5A6-E777BC8F3900}.Debug|x64.ActiveCfg = Debug|Any CPU
		{D3898228-6B1F-47CD-A5A6-E777BC8F3900}.Debug|x64.Build.0 = Debug|Any CPU
		{D3898228-6B1F-47CD-A5A6-E777BC8F3900}.Debug|x86.ActiveCfg = Debug|Any CPU
		{D3898228-6B1F-47CD-A5A6-E777BC8F3900}.Debug|x86.Build.0 = Debug|Any CPU
		{D3898228-6B1F-47CD-A5A6-E777BC8F3900}.Release|Any CPU.ActiveCfg = Release|Any CPU
		{D3898228-6B1F-47CD-A5A6-E777BC8F3900}.Release|Any CPU.Build.0 = Release|Any CPU
		{D3898228-6B1F-47CD-A5A6-E777BC8F3900}.Release|x64.ActiveCfg = Release|Any CPU
		{D3898228-6B1F-47CD-A5A6-E777BC8F3900}.Release|x64.Build.0 = Release|Any CPU
		{D3898228-6B1F-47CD-A5A6-E777BC8F3900}.Release|x86.ActiveCfg = Release|Any CPU
		{D3898228-6B1F-47CD-A5A6-E777BC8F3900}.Release|x86.Build.0 = Release|Any CPU
		{76171739-51B5-494F-8FE6-063460F840D5}.Debug|Any CPU.ActiveCfg = Debug|Any CPU
		{76171739-51B5-494F-8FE6-063460F840D5}.Debug|Any CPU.Build.0 = Debug|Any CPU
		{76171739-51B5-494F-8FE6-063460F840D5}.Debug|x64.ActiveCfg = Debug|Any CPU
		{76171739-51B5-494F-8FE6-063460F840D5}.Debug|x64.Build.0 = Debug|Any CPU
		{76171739-51B5-494F-8FE6-063460F840D5}.Debug|x86.ActiveCfg = Debug|Any CPU
		{76171739-51B5-494F-8FE6-063460F840D5}.Debug|x86.Build.0 = Debug|Any CPU
		{76171739-51B5-494F-8FE6-063460F840D5}.Release|Any CPU.ActiveCfg = Release|Any CPU
		{76171739-51B5-494F-8FE6-063460F840D5}.Release|Any CPU.Build.0 = Release|Any CPU
		{76171739-51B5-494F-8FE6-063460F840D5}.Release|x64.ActiveCfg = Release|Any CPU
		{76171739-51B5-494F-8FE6-063460F840D5}.Release|x64.Build.0 = Release|Any CPU
		{76171739-51B5-494F-8FE6-063460F840D5}.Release|x86.ActiveCfg = Release|Any CPU
		{76171739-51B5-494F-8FE6-063460F840D5}.Release|x86.Build.0 = Release|Any CPU
		{685DAFD9-3F52-4A9F-916E-B4D6071C4024}.Debug|Any CPU.ActiveCfg = Debug|Any CPU
		{685DAFD9-3F52-4A9F-916E-B4D6071C4024}.Debug|Any CPU.Build.0 = Debug|Any CPU
		{685DAFD9-3F52-4A9F-916E-B4D6071C4024}.Debug|x64.ActiveCfg = Debug|Any CPU
		{685DAFD9-3F52-4A9F-916E-B4D6071C4024}.Debug|x64.Build.0 = Debug|Any CPU
		{685DAFD9-3F52-4A9F-916E-B4D6071C4024}.Debug|x86.ActiveCfg = Debug|Any CPU
		{685DAFD9-3F52-4A9F-916E-B4D6071C4024}.Debug|x86.Build.0 = Debug|Any CPU
		{685DAFD9-3F52-4A9F-916E-B4D6071C4024}.Release|Any CPU.ActiveCfg = Release|Any CPU
		{685DAFD9-3F52-4A9F-916E-B4D6071C4024}.Release|Any CPU.Build.0 = Release|Any CPU
		{685DAFD9-3F52-4A9F-916E-B4D6071C4024}.Release|x64.ActiveCfg = Release|Any CPU
		{685DAFD9-3F52-4A9F-916E-B4D6071C4024}.Release|x64.Build.0 = Release|Any CPU
		{685DAFD9-3F52-4A9F-916E-B4D6071C4024}.Release|x86.ActiveCfg = Release|Any CPU
		{685DAFD9-3F52-4A9F-916E-B4D6071C4024}.Release|x86.Build.0 = Release|Any CPU
		{39B745E9-6492-4EE3-8770-D965939A8A1C}.Debug|Any CPU.ActiveCfg = Debug|Any CPU
		{39B745E9-6492-4EE3-8770-D965939A8A1C}.Debug|Any CPU.Build.0 = Debug|Any CPU
		{39B745E9-6492-4EE3-8770-D965939A8A1C}.Debug|x64.ActiveCfg = Debug|Any CPU
		{39B745E9-6492-4EE3-8770-D965939A8A1C}.Debug|x64.Build.0 = Debug|Any CPU
		{39B745E9-6492-4EE3-8770-D965939A8A1C}.Debug|x86.ActiveCfg = Debug|Any CPU
		{39B745E9-6492-4EE3-8770-D965939A8A1C}.Debug|x86.Build.0 = Debug|Any CPU
		{39B745E9-6492-4EE3-8770-D965939A8A1C}.Release|Any CPU.ActiveCfg = Release|Any CPU
		{39B745E9-6492-4EE3-8770-D965939A8A1C}.Release|Any CPU.Build.0 = Release|Any CPU
		{39B745E9-6492-4EE3-8770-D965939A8A1C}.Release|x64.ActiveCfg = Release|Any CPU
		{39B745E9-6492-4EE3-8770-D965939A8A1C}.Release|x64.Build.0 = Release|Any CPU
		{39B745E9-6492-4EE3-8770-D965939A8A1C}.Release|x86.ActiveCfg = Release|Any CPU
		{39B745E9-6492-4EE3-8770-D965939A8A1C}.Release|x86.Build.0 = Release|Any CPU
		{42B7312F-7B29-4F51-8C66-F8B1EEC929C0}.Debug|Any CPU.ActiveCfg = Debug|Any CPU
		{42B7312F-7B29-4F51-8C66-F8B1EEC929C0}.Debug|Any CPU.Build.0 = Debug|Any CPU
		{42B7312F-7B29-4F51-8C66-F8B1EEC929C0}.Debug|x64.ActiveCfg = Debug|Any CPU
		{42B7312F-7B29-4F51-8C66-F8B1EEC929C0}.Debug|x64.Build.0 = Debug|Any CPU
		{42B7312F-7B29-4F51-8C66-F8B1EEC929C0}.Debug|x86.ActiveCfg = Debug|Any CPU
		{42B7312F-7B29-4F51-8C66-F8B1EEC929C0}.Debug|x86.Build.0 = Debug|Any CPU
		{42B7312F-7B29-4F51-8C66-F8B1EEC929C0}.Release|Any CPU.ActiveCfg = Release|Any CPU
		{42B7312F-7B29-4F51-8C66-F8B1EEC929C0}.Release|Any CPU.Build.0 = Release|Any CPU
		{42B7312F-7B29-4F51-8C66-F8B1EEC929C0}.Release|x64.ActiveCfg = Release|Any CPU
		{42B7312F-7B29-4F51-8C66-F8B1EEC929C0}.Release|x64.Build.0 = Release|Any CPU
		{42B7312F-7B29-4F51-8C66-F8B1EEC929C0}.Release|x86.ActiveCfg = Release|Any CPU
		{42B7312F-7B29-4F51-8C66-F8B1EEC929C0}.Release|x86.Build.0 = Release|Any CPU
		{5ED6BDEB-213F-4E91-844B-2F62DCAA1CF2}.Debug|Any CPU.ActiveCfg = Debug|Any CPU
		{5ED6BDEB-213F-4E91-844B-2F62DCAA1CF2}.Debug|Any CPU.Build.0 = Debug|Any CPU
		{5ED6BDEB-213F-4E91-844B-2F62DCAA1CF2}.Debug|x64.ActiveCfg = Debug|Any CPU
		{5ED6BDEB-213F-4E91-844B-2F62DCAA1CF2}.Debug|x64.Build.0 = Debug|Any CPU
		{5ED6BDEB-213F-4E91-844B-2F62DCAA1CF2}.Debug|x86.ActiveCfg = Debug|Any CPU
		{5ED6BDEB-213F-4E91-844B-2F62DCAA1CF2}.Debug|x86.Build.0 = Debug|Any CPU
		{5ED6BDEB-213F-4E91-844B-2F62DCAA1CF2}.Release|Any CPU.ActiveCfg = Release|Any CPU
		{5ED6BDEB-213F-4E91-844B-2F62DCAA1CF2}.Release|Any CPU.Build.0 = Release|Any CPU
		{5ED6BDEB-213F-4E91-844B-2F62DCAA1CF2}.Release|x64.ActiveCfg = Release|Any CPU
		{5ED6BDEB-213F-4E91-844B-2F62DCAA1CF2}.Release|x64.Build.0 = Release|Any CPU
		{5ED6BDEB-213F-4E91-844B-2F62DCAA1CF2}.Release|x86.ActiveCfg = Release|Any CPU
		{5ED6BDEB-213F-4E91-844B-2F62DCAA1CF2}.Release|x86.Build.0 = Release|Any CPU
		{1F149EF9-35ED-40C5-B560-10E7A7D90B17}.Debug|Any CPU.ActiveCfg = Debug|Any CPU
		{1F149EF9-35ED-40C5-B560-10E7A7D90B17}.Debug|Any CPU.Build.0 = Debug|Any CPU
		{1F149EF9-35ED-40C5-B560-10E7A7D90B17}.Debug|x64.ActiveCfg = Debug|Any CPU
		{1F149EF9-35ED-40C5-B560-10E7A7D90B17}.Debug|x64.Build.0 = Debug|Any CPU
		{1F149EF9-35ED-40C5-B560-10E7A7D90B17}.Debug|x86.ActiveCfg = Debug|Any CPU
		{1F149EF9-35ED-40C5-B560-10E7A7D90B17}.Debug|x86.Build.0 = Debug|Any CPU
		{1F149EF9-35ED-40C5-B560-10E7A7D90B17}.Release|Any CPU.ActiveCfg = Release|Any CPU
		{1F149EF9-35ED-40C5-B560-10E7A7D90B17}.Release|Any CPU.Build.0 = Release|Any CPU
		{1F149EF9-35ED-40C5-B560-10E7A7D90B17}.Release|x64.ActiveCfg = Release|Any CPU
		{1F149EF9-35ED-40C5-B560-10E7A7D90B17}.Release|x64.Build.0 = Release|Any CPU
		{1F149EF9-35ED-40C5-B560-10E7A7D90B17}.Release|x86.ActiveCfg = Release|Any CPU
		{1F149EF9-35ED-40C5-B560-10E7A7D90B17}.Release|x86.Build.0 = Release|Any CPU
	EndGlobalSection
	GlobalSection(SolutionProperties) = preSolution
		HideSolutionNode = FALSE
	EndGlobalSection
	GlobalSection(NestedProjects) = preSolution
		{D3898228-6B1F-47CD-A5A6-E777BC8F3900} = {B9AC364F-4AC0-4E84-8397-4F7C78934B1C}
		{76171739-51B5-494F-8FE6-063460F840D5} = {B9AC364F-4AC0-4E84-8397-4F7C78934B1C}
		{8CC3F66D-94D7-40D2-9274-BFAE97227018} = {B9AC364F-4AC0-4E84-8397-4F7C78934B1C}
		{685DAFD9-3F52-4A9F-916E-B4D6071C4024} = {8CC3F66D-94D7-40D2-9274-BFAE97227018}
		{39B745E9-6492-4EE3-8770-D965939A8A1C} = {8CC3F66D-94D7-40D2-9274-BFAE97227018}
		{42B7312F-7B29-4F51-8C66-F8B1EEC929C0} = {00A0167A-A82C-4A74-A383-5AA3AFDC366C}
		{5ED6BDEB-213F-4E91-844B-2F62DCAA1CF2} = {EDA90651-ACD9-4F18-BCA9-78D0C59DFC03}
		{1F149EF9-35ED-40C5-B560-10E7A7D90B17} = {EDA90651-ACD9-4F18-BCA9-78D0C59DFC03}
	EndGlobalSection
	GlobalSection(ExtensibilityGlobals) = postSolution
		SolutionGuid = {ADF9ABC5-6804-400C-9AAF-42D3B4AFE7A4}
	EndGlobalSection
EndGlobal
